
Microsoft Visual Studio Solution File, Format Version 12.00
# Visual Studio 15
VisualStudioVersion = 15.0.27130.2010
MinimumVisualStudioVersion = 10.0.40219.1
Project("{9A19103F-16F7-4668-BE54-9A1E7A4F7556}") = "XamFormsViewModelNav", "XamFormsViewModelNav\XamFormsViewModelNav.csproj", "{A10D59DB-917E-49AD-B0BA-0C4226D98C22}"
EndProject
Project("{FAE04EC0-301F-11D3-BF4B-00C04F79EFBC}") = "XamFormsViewModelNav.Android", "XamFormsViewModelNav.Android\XamFormsViewModelNav.Android.csproj", "{2B4C1A7F-DEE9-4FCC-A8F7-AB078E235DCB}"
EndProject
Project("{FAE04EC0-301F-11D3-BF4B-00C04F79EFBC}") = "XamFormsViewModelNav.iOS", "XamFormsViewModelNav.iOS\XamFormsViewModelNav.iOS.csproj", "{7A9DAA95-FFE7-4B21-9E81-41BDA533F617}"
EndProject
Project("{FAE04EC0-301F-11D3-BF4B-00C04F79EFBC}") = "XamFormsViewModelNav.UWP", "XamFormsViewModelNav.UWP\XamFormsViewModelNav.UWP.csproj", "{3765A746-BCCE-4301-80B0-7FBF919B8E57}"
EndProject
Global
	GlobalSection(SolutionConfigurationPlatforms) = preSolution
		Ad-Hoc|Any CPU = Ad-Hoc|Any CPU
		Ad-Hoc|ARM = Ad-Hoc|ARM
		Ad-Hoc|iPhone = Ad-Hoc|iPhone
		Ad-Hoc|iPhoneSimulator = Ad-Hoc|iPhoneSimulator
		Ad-Hoc|x64 = Ad-Hoc|x64
		Ad-Hoc|x86 = Ad-Hoc|x86
		AppStore|Any CPU = AppStore|Any CPU
		AppStore|ARM = AppStore|ARM
		AppStore|iPhone = AppStore|iPhone
		AppStore|iPhoneSimulator = AppStore|iPhoneSimulator
		AppStore|x64 = AppStore|x64
		AppStore|x86 = AppStore|x86
		Debug|Any CPU = Debug|Any CPU
		Debug|ARM = Debug|ARM
		Debug|iPhone = Debug|iPhone
		Debug|iPhoneSimulator = Debug|iPhoneSimulator
		Debug|x64 = Debug|x64
		Debug|x86 = Debug|x86
		Release|Any CPU = Release|Any CPU
		Release|ARM = Release|ARM
		Release|iPhone = Release|iPhone
		Release|iPhoneSimulator = Release|iPhoneSimulator
		Release|x64 = Release|x64
		Release|x86 = Release|x86
	EndGlobalSection
	GlobalSection(ProjectConfigurationPlatforms) = postSolution
		{A10D59DB-917E-49AD-B0BA-0C4226D98C22}.Ad-Hoc|Any CPU.ActiveCfg = Debug|Any CPU
		{A10D59DB-917E-49AD-B0BA-0C4226D98C22}.Ad-Hoc|Any CPU.Build.0 = Debug|Any CPU
		{A10D59DB-917E-49AD-B0BA-0C4226D98C22}.Ad-Hoc|ARM.ActiveCfg = Debug|Any CPU
		{A10D59DB-917E-49AD-B0BA-0C4226D98C22}.Ad-Hoc|ARM.Build.0 = Debug|Any CPU
		{A10D59DB-917E-49AD-B0BA-0C4226D98C22}.Ad-Hoc|iPhone.ActiveCfg = Debug|Any CPU
		{A10D59DB-917E-49AD-B0BA-0C4226D98C22}.Ad-Hoc|iPhone.Build.0 = Debug|Any CPU
		{A10D59DB-917E-49AD-B0BA-0C4226D98C22}.Ad-Hoc|iPhoneSimulator.ActiveCfg = Debug|Any CPU
		{A10D59DB-917E-49AD-B0BA-0C4226D98C22}.Ad-Hoc|iPhoneSimulator.Build.0 = Debug|Any CPU
		{A10D59DB-917E-49AD-B0BA-0C4226D98C22}.Ad-Hoc|x64.ActiveCfg = Debug|Any CPU
		{A10D59DB-917E-49AD-B0BA-0C4226D98C22}.Ad-Hoc|x64.Build.0 = Debug|Any CPU
		{A10D59DB-917E-49AD-B0BA-0C4226D98C22}.Ad-Hoc|x86.ActiveCfg = Debug|Any CPU
		{A10D59DB-917E-49AD-B0BA-0C4226D98C22}.Ad-Hoc|x86.Build.0 = Debug|Any CPU
		{A10D59DB-917E-49AD-B0BA-0C4226D98C22}.AppStore|Any CPU.ActiveCfg = Debug|Any CPU
		{A10D59DB-917E-49AD-B0BA-0C4226D98C22}.AppStore|Any CPU.Build.0 = Debug|Any CPU
		{A10D59DB-917E-49AD-B0BA-0C4226D98C22}.AppStore|ARM.ActiveCfg = Debug|Any CPU
		{A10D59DB-917E-49AD-B0BA-0C4226D98C22}.AppStore|ARM.Build.0 = Debug|Any CPU
		{A10D59DB-917E-49AD-B0BA-0C4226D98C22}.AppStore|iPhone.ActiveCfg = Debug|Any CPU
		{A10D59DB-917E-49AD-B0BA-0C4226D98C22}.AppStore|iPhone.Build.0 = Debug|Any CPU
		{A10D59DB-917E-49AD-B0BA-0C4226D98C22}.AppStore|iPhoneSimulator.ActiveCfg = Debug|Any CPU
		{A10D59DB-917E-49AD-B0BA-0C4226D98C22}.AppStore|iPhoneSimulator.Build.0 = Debug|Any CPU
		{A10D59DB-917E-49AD-B0BA-0C4226D98C22}.AppStore|x64.ActiveCfg = Debug|Any CPU
		{A10D59DB-917E-49AD-B0BA-0C4226D98C22}.AppStore|x64.Build.0 = Debug|Any CPU
		{A10D59DB-917E-49AD-B0BA-0C4226D98C22}.AppStore|x86.ActiveCfg = Debug|Any CPU
		{A10D59DB-917E-49AD-B0BA-0C4226D98C22}.AppStore|x86.Build.0 = Debug|Any CPU
		{A10D59DB-917E-49AD-B0BA-0C4226D98C22}.Debug|Any CPU.ActiveCfg = Debug|Any CPU
		{A10D59DB-917E-49AD-B0BA-0C4226D98C22}.Debug|Any CPU.Build.0 = Debug|Any CPU
		{A10D59DB-917E-49AD-B0BA-0C4226D98C22}.Debug|ARM.ActiveCfg = Debug|Any CPU
		{A10D59DB-917E-49AD-B0BA-0C4226D98C22}.Debug|ARM.Build.0 = Debug|Any CPU
		{A10D59DB-917E-49AD-B0BA-0C4226D98C22}.Debug|iPhone.ActiveCfg = Debug|Any CPU
		{A10D59DB-917E-49AD-B0BA-0C4226D98C22}.Debug|iPhone.Build.0 = Debug|Any CPU
		{A10D59DB-917E-49AD-B0BA-0C4226D98C22}.Debug|iPhoneSimulator.ActiveCfg = Debug|Any CPU
		{A10D59DB-917E-49AD-B0BA-0C4226D98C22}.Debug|iPhoneSimulator.Build.0 = Debug|Any CPU
		{A10D59DB-917E-49AD-B0BA-0C4226D98C22}.Debug|x64.ActiveCfg = Debug|Any CPU
		{A10D59DB-917E-49AD-B0BA-0C4226D98C22}.Debug|x64.Build.0 = Debug|Any CPU
		{A10D59DB-917E-49AD-B0BA-0C4226D98C22}.Debug|x86.ActiveCfg = Debug|Any CPU
		{A10D59DB-917E-49AD-B0BA-0C4226D98C22}.Debug|x86.Build.0 = Debug|Any CPU
		{A10D59DB-917E-49AD-B0BA-0C4226D98C22}.Release|Any CPU.ActiveCfg = Release|Any CPU
		{A10D59DB-917E-49AD-B0BA-0C4226D98C22}.Release|Any CPU.Build.0 = Release|Any CPU
		{A10D59DB-917E-49AD-B0BA-0C4226D98C22}.Release|ARM.ActiveCfg = Release|Any CPU
		{A10D59DB-917E-49AD-B0BA-0C4226D98C22}.Release|ARM.Build.0 = Release|Any CPU
		{A10D59DB-917E-49AD-B0BA-0C4226D98C22}.Release|iPhone.ActiveCfg = Release|Any CPU
		{A10D59DB-917E-49AD-B0BA-0C4226D98C22}.Release|iPhone.Build.0 = Release|Any CPU
		{A10D59DB-917E-49AD-B0BA-0C4226D98C22}.Release|iPhoneSimulator.ActiveCfg = Release|Any CPU
		{A10D59DB-917E-49AD-B0BA-0C4226D98C22}.Release|iPhoneSimulator.Build.0 = Release|Any CPU
		{A10D59DB-917E-49AD-B0BA-0C4226D98C22}.Release|x64.ActiveCfg = Release|Any CPU
		{A10D59DB-917E-49AD-B0BA-0C4226D98C22}.Release|x64.Build.0 = Release|Any CPU
		{A10D59DB-917E-49AD-B0BA-0C4226D98C22}.Release|x86.ActiveCfg = Release|Any CPU
		{A10D59DB-917E-49AD-B0BA-0C4226D98C22}.Release|x86.Build.0 = Release|Any CPU
		{2B4C1A7F-DEE9-4FCC-A8F7-AB078E235DCB}.Ad-Hoc|Any CPU.ActiveCfg = Release|Any CPU
		{2B4C1A7F-DEE9-4FCC-A8F7-AB078E235DCB}.Ad-Hoc|Any CPU.Build.0 = Release|Any CPU
		{2B4C1A7F-DEE9-4FCC-A8F7-AB078E235DCB}.Ad-Hoc|Any CPU.Deploy.0 = Release|Any CPU
		{2B4C1A7F-DEE9-4FCC-A8F7-AB078E235DCB}.Ad-Hoc|ARM.ActiveCfg = Release|Any CPU
		{2B4C1A7F-DEE9-4FCC-A8F7-AB078E235DCB}.Ad-Hoc|ARM.Build.0 = Release|Any CPU
		{2B4C1A7F-DEE9-4FCC-A8F7-AB078E235DCB}.Ad-Hoc|ARM.Deploy.0 = Release|Any CPU
		{2B4C1A7F-DEE9-4FCC-A8F7-AB078E235DCB}.Ad-Hoc|iPhone.ActiveCfg = Release|Any CPU
		{2B4C1A7F-DEE9-4FCC-A8F7-AB078E235DCB}.Ad-Hoc|iPhone.Build.0 = Release|Any CPU
		{2B4C1A7F-DEE9-4FCC-A8F7-AB078E235DCB}.Ad-Hoc|iPhone.Deploy.0 = Release|Any CPU
		{2B4C1A7F-DEE9-4FCC-A8F7-AB078E235DCB}.Ad-Hoc|iPhoneSimulator.ActiveCfg = Release|Any CPU
		{2B4C1A7F-DEE9-4FCC-A8F7-AB078E235DCB}.Ad-Hoc|iPhoneSimulator.Build.0 = Release|Any CPU
		{2B4C1A7F-DEE9-4FCC-A8F7-AB078E235DCB}.Ad-Hoc|iPhoneSimulator.Deploy.0 = Release|Any CPU
		{2B4C1A7F-DEE9-4FCC-A8F7-AB078E235DCB}.Ad-Hoc|x64.ActiveCfg = Release|Any CPU
		{2B4C1A7F-DEE9-4FCC-A8F7-AB078E235DCB}.Ad-Hoc|x64.Build.0 = Release|Any CPU
		{2B4C1A7F-DEE9-4FCC-A8F7-AB078E235DCB}.Ad-Hoc|x64.Deploy.0 = Release|Any CPU
		{2B4C1A7F-DEE9-4FCC-A8F7-AB078E235DCB}.Ad-Hoc|x86.ActiveCfg = Release|Any CPU
		{2B4C1A7F-DEE9-4FCC-A8F7-AB078E235DCB}.Ad-Hoc|x86.Build.0 = Release|Any CPU
		{2B4C1A7F-DEE9-4FCC-A8F7-AB078E235DCB}.Ad-Hoc|x86.Deploy.0 = Release|Any CPU
		{2B4C1A7F-DEE9-4FCC-A8F7-AB078E235DCB}.AppStore|Any CPU.ActiveCfg = Release|Any CPU
		{2B4C1A7F-DEE9-4FCC-A8F7-AB078E235DCB}.AppStore|Any CPU.Build.0 = Release|Any CPU
		{2B4C1A7F-DEE9-4FCC-A8F7-AB078E235DCB}.AppStore|Any CPU.Deploy.0 = Release|Any CPU
		{2B4C1A7F-DEE9-4FCC-A8F7-AB078E235DCB}.AppStore|ARM.ActiveCfg = Release|Any CPU
		{2B4C1A7F-DEE9-4FCC-A8F7-AB078E235DCB}.AppStore|ARM.Build.0 = Release|Any CPU
		{2B4C1A7F-DEE9-4FCC-A8F7-AB078E235DCB}.AppStore|ARM.Deploy.0 = Release|Any CPU
		{2B4C1A7F-DEE9-4FCC-A8F7-AB078E235DCB}.AppStore|iPhone.ActiveCfg = Release|Any CPU
		{2B4C1A7F-DEE9-4FCC-A8F7-AB078E235DCB}.AppStore|iPhone.Build.0 = Release|Any CPU
		{2B4C1A7F-DEE9-4FCC-A8F7-AB078E235DCB}.AppStore|iPhone.Deploy.0 = Release|Any CPU
		{2B4C1A7F-DEE9-4FCC-A8F7-AB078E235DCB}.AppStore|iPhoneSimulator.ActiveCfg = Release|Any CPU
		{2B4C1A7F-DEE9-4FCC-A8F7-AB078E235DCB}.AppStore|iPhoneSimulator.Build.0 = Release|Any CPU
		{2B4C1A7F-DEE9-4FCC-A8F7-AB078E235DCB}.AppStore|iPhoneSimulator.Deploy.0 = Release|Any CPU
		{2B4C1A7F-DEE9-4FCC-A8F7-AB078E235DCB}.AppStore|x64.ActiveCfg = Release|Any CPU
		{2B4C1A7F-DEE9-4FCC-A8F7-AB078E235DCB}.AppStore|x64.Build.0 = Release|Any CPU
		{2B4C1A7F-DEE9-4FCC-A8F7-AB078E235DCB}.AppStore|x64.Deploy.0 = Release|Any CPU
		{2B4C1A7F-DEE9-4FCC-A8F7-AB078E235DCB}.AppStore|x86.ActiveCfg = Release|Any CPU
		{2B4C1A7F-DEE9-4FCC-A8F7-AB078E235DCB}.AppStore|x86.Build.0 = Release|Any CPU
		{2B4C1A7F-DEE9-4FCC-A8F7-AB078E235DCB}.AppStore|x86.Deploy.0 = Release|Any CPU
		{2B4C1A7F-DEE9-4FCC-A8F7-AB078E235DCB}.Debug|Any CPU.ActiveCfg = Debug|Any CPU
		{2B4C1A7F-DEE9-4FCC-A8F7-AB078E235DCB}.Debug|Any CPU.Build.0 = Debug|Any CPU
		{2B4C1A7F-DEE9-4FCC-A8F7-AB078E235DCB}.Debug|Any CPU.Deploy.0 = Debug|Any CPU
		{2B4C1A7F-DEE9-4FCC-A8F7-AB078E235DCB}.Debug|ARM.ActiveCfg = Debug|Any CPU
		{2B4C1A7F-DEE9-4FCC-A8F7-AB078E235DCB}.Debug|ARM.Build.0 = Debug|Any CPU
		{2B4C1A7F-DEE9-4FCC-A8F7-AB078E235DCB}.Debug|ARM.Deploy.0 = Debug|Any CPU
		{2B4C1A7F-DEE9-4FCC-A8F7-AB078E235DCB}.Debug|iPhone.ActiveCfg = Debug|Any CPU
		{2B4C1A7F-DEE9-4FCC-A8F7-AB078E235DCB}.Debug|iPhone.Build.0 = Debug|Any CPU
		{2B4C1A7F-DEE9-4FCC-A8F7-AB078E235DCB}.Debug|iPhoneSimulator.ActiveCfg = Debug|Any CPU
		{2B4C1A7F-DEE9-4FCC-A8F7-AB078E235DCB}.Debug|iPhoneSimulator.Build.0 = Debug|Any CPU
		{2B4C1A7F-DEE9-4FCC-A8F7-AB078E235DCB}.Debug|x64.ActiveCfg = Debug|Any CPU
		{2B4C1A7F-DEE9-4FCC-A8F7-AB078E235DCB}.Debug|x64.Build.0 = Debug|Any CPU
		{2B4C1A7F-DEE9-4FCC-A8F7-AB078E235DCB}.Debug|x64.Deploy.0 = Debug|Any CPU
		{2B4C1A7F-DEE9-4FCC-A8F7-AB078E235DCB}.Debug|x86.ActiveCfg = Debug|Any CPU
		{2B4C1A7F-DEE9-4FCC-A8F7-AB078E235DCB}.Debug|x86.Build.0 = Debug|Any CPU
		{2B4C1A7F-DEE9-4FCC-A8F7-AB078E235DCB}.Debug|x86.Deploy.0 = Debug|Any CPU
		{2B4C1A7F-DEE9-4FCC-A8F7-AB078E235DCB}.Release|Any CPU.ActiveCfg = Release|Any CPU
		{2B4C1A7F-DEE9-4FCC-A8F7-AB078E235DCB}.Release|Any CPU.Build.0 = Release|Any CPU
		{2B4C1A7F-DEE9-4FCC-A8F7-AB078E235DCB}.Release|Any CPU.Deploy.0 = Release|Any CPU
		{2B4C1A7F-DEE9-4FCC-A8F7-AB078E235DCB}.Release|ARM.ActiveCfg = Release|Any CPU
		{2B4C1A7F-DEE9-4FCC-A8F7-AB078E235DCB}.Release|ARM.Build.0 = Release|Any CPU
		{2B4C1A7F-DEE9-4FCC-A8F7-AB078E235DCB}.Release|ARM.Deploy.0 = Release|Any CPU
		{2B4C1A7F-DEE9-4FCC-A8F7-AB078E235DCB}.Release|iPhone.ActiveCfg = Release|Any CPU
		{2B4C1A7F-DEE9-4FCC-A8F7-AB078E235DCB}.Release|iPhone.Build.0 = Release|Any CPU
		{2B4C1A7F-DEE9-4FCC-A8F7-AB078E235DCB}.Release|iPhone.Deploy.0 = Release|Any CPU
		{2B4C1A7F-DEE9-4FCC-A8F7-AB078E235DCB}.Release|iPhoneSimulator.ActiveCfg = Release|Any CPU
		{2B4C1A7F-DEE9-4FCC-A8F7-AB078E235DCB}.Release|iPhoneSimulator.Build.0 = Release|Any CPU
		{2B4C1A7F-DEE9-4FCC-A8F7-AB078E235DCB}.Release|iPhoneSimulator.Deploy.0 = Release|Any CPU
		{2B4C1A7F-DEE9-4FCC-A8F7-AB078E235DCB}.Release|x64.ActiveCfg = Release|Any CPU
		{2B4C1A7F-DEE9-4FCC-A8F7-AB078E235DCB}.Release|x64.Build.0 = Release|Any CPU
		{2B4C1A7F-DEE9-4FCC-A8F7-AB078E235DCB}.Release|x64.Deploy.0 = Release|Any CPU
		{2B4C1A7F-DEE9-4FCC-A8F7-AB078E235DCB}.Release|x86.ActiveCfg = Release|Any CPU
		{2B4C1A7F-DEE9-4FCC-A8F7-AB078E235DCB}.Release|x86.Build.0 = Release|Any CPU
		{2B4C1A7F-DEE9-4FCC-A8F7-AB078E235DCB}.Release|x86.Deploy.0 = Release|Any CPU
		{7A9DAA95-FFE7-4B21-9E81-41BDA533F617}.Ad-Hoc|Any CPU.ActiveCfg = Ad-Hoc|iPhone
		{7A9DAA95-FFE7-4B21-9E81-41BDA533F617}.Ad-Hoc|ARM.ActiveCfg = Ad-Hoc|iPhone
		{7A9DAA95-FFE7-4B21-9E81-41BDA533F617}.Ad-Hoc|iPhone.ActiveCfg = Ad-Hoc|iPhone
		{7A9DAA95-FFE7-4B21-9E81-41BDA533F617}.Ad-Hoc|iPhone.Build.0 = Ad-Hoc|iPhone
		{7A9DAA95-FFE7-4B21-9E81-41BDA533F617}.Ad-Hoc|iPhoneSimulator.ActiveCfg = Ad-Hoc|iPhoneSimulator
		{7A9DAA95-FFE7-4B21-9E81-41BDA533F617}.Ad-Hoc|iPhoneSimulator.Build.0 = Ad-Hoc|iPhoneSimulator
		{7A9DAA95-FFE7-4B21-9E81-41BDA533F617}.Ad-Hoc|x64.ActiveCfg = Ad-Hoc|iPhone
		{7A9DAA95-FFE7-4B21-9E81-41BDA533F617}.Ad-Hoc|x86.ActiveCfg = Ad-Hoc|iPhone
		{7A9DAA95-FFE7-4B21-9E81-41BDA533F617}.AppStore|Any CPU.ActiveCfg = AppStore|iPhone
		{7A9DAA95-FFE7-4B21-9E81-41BDA533F617}.AppStore|ARM.ActiveCfg = AppStore|iPhone
		{7A9DAA95-FFE7-4B21-9E81-41BDA533F617}.AppStore|iPhone.ActiveCfg = AppStore|iPhone
		{7A9DAA95-FFE7-4B21-9E81-41BDA533F617}.AppStore|iPhone.Build.0 = AppStore|iPhone
		{7A9DAA95-FFE7-4B21-9E81-41BDA533F617}.AppStore|iPhoneSimulator.ActiveCfg = AppStore|iPhoneSimulator
		{7A9DAA95-FFE7-4B21-9E81-41BDA533F617}.AppStore|iPhoneSimulator.Build.0 = AppStore|iPhoneSimulator
		{7A9DAA95-FFE7-4B21-9E81-41BDA533F617}.AppStore|x64.ActiveCfg = AppStore|iPhone
		{7A9DAA95-FFE7-4B21-9E81-41BDA533F617}.AppStore|x86.ActiveCfg = AppStore|iPhone
		{7A9DAA95-FFE7-4B21-9E81-41BDA533F617}.Debug|Any CPU.ActiveCfg = Debug|iPhone
		{7A9DAA95-FFE7-4B21-9E81-41BDA533F617}.Debug|Any CPU.Build.0 = Debug|iPhone
		{7A9DAA95-FFE7-4B21-9E81-41BDA533F617}.Debug|ARM.ActiveCfg = Debug|iPhone
		{7A9DAA95-FFE7-4B21-9E81-41BDA533F617}.Debug|iPhone.ActiveCfg = Debug|iPhone
		{7A9DAA95-FFE7-4B21-9E81-41BDA533F617}.Debug|iPhone.Build.0 = Debug|iPhone
		{7A9DAA95-FFE7-4B21-9E81-41BDA533F617}.Debug|iPhoneSimulator.ActiveCfg = Debug|iPhoneSimulator
		{7A9DAA95-FFE7-4B21-9E81-41BDA533F617}.Debug|iPhoneSimulator.Build.0 = Debug|iPhoneSimulator
		{7A9DAA95-FFE7-4B21-9E81-41BDA533F617}.Debug|x64.ActiveCfg = Debug|iPhone
		{7A9DAA95-FFE7-4B21-9E81-41BDA533F617}.Debug|x86.ActiveCfg = Debug|iPhone
		{7A9DAA95-FFE7-4B21-9E81-41BDA533F617}.Release|Any CPU.ActiveCfg = Release|iPhone
		{7A9DAA95-FFE7-4B21-9E81-41BDA533F617}.Release|ARM.ActiveCfg = Release|iPhone
		{7A9DAA95-FFE7-4B21-9E81-41BDA533F617}.Release|iPhone.ActiveCfg = Release|iPhone
		{7A9DAA95-FFE7-4B21-9E81-41BDA533F617}.Release|iPhone.Build.0 = Release|iPhone
		{7A9DAA95-FFE7-4B21-9E81-41BDA533F617}.Release|iPhoneSimulator.ActiveCfg = Release|iPhoneSimulator
		{7A9DAA95-FFE7-4B21-9E81-41BDA533F617}.Release|iPhoneSimulator.Build.0 = Release|iPhoneSimulator
		{7A9DAA95-FFE7-4B21-9E81-41BDA533F617}.Release|x64.ActiveCfg = Release|iPhone
		{7A9DAA95-FFE7-4B21-9E81-41BDA533F617}.Release|x86.ActiveCfg = Release|iPhone
		{3765A746-BCCE-4301-80B0-7FBF919B8E57}.Ad-Hoc|Any CPU.ActiveCfg = Release|x86
		{3765A746-BCCE-4301-80B0-7FBF919B8E57}.Ad-Hoc|Any CPU.Build.0 = Release|x86
		{3765A746-BCCE-4301-80B0-7FBF919B8E57}.Ad-Hoc|Any CPU.Deploy.0 = Release|x86
		{3765A746-BCCE-4301-80B0-7FBF919B8E57}.Ad-Hoc|ARM.ActiveCfg = Release|ARM
		{3765A746-BCCE-4301-80B0-7FBF919B8E57}.Ad-Hoc|ARM.Build.0 = Release|ARM
		{3765A746-BCCE-4301-80B0-7FBF919B8E57}.Ad-Hoc|ARM.Deploy.0 = Release|ARM
		{3765A746-BCCE-4301-80B0-7FBF919B8E57}.Ad-Hoc|iPhone.ActiveCfg = Release|x86
		{3765A746-BCCE-4301-80B0-7FBF919B8E57}.Ad-Hoc|iPhone.Build.0 = Release|x86
		{3765A746-BCCE-4301-80B0-7FBF919B8E57}.Ad-Hoc|iPhone.Deploy.0 = Release|x86
		{3765A746-BCCE-4301-80B0-7FBF919B8E57}.Ad-Hoc|iPhoneSimulator.ActiveCfg = Release|x86
		{3765A746-BCCE-4301-80B0-7FBF919B8E57}.Ad-Hoc|iPhoneSimulator.Build.0 = Release|x86
		{3765A746-BCCE-4301-80B0-7FBF919B8E57}.Ad-Hoc|iPhoneSimulator.Deploy.0 = Release|x86
		{3765A746-BCCE-4301-80B0-7FBF919B8E57}.Ad-Hoc|x64.ActiveCfg = Release|x64
		{3765A746-BCCE-4301-80B0-7FBF919B8E57}.Ad-Hoc|x64.Build.0 = Release|x64
		{3765A746-BCCE-4301-80B0-7FBF919B8E57}.Ad-Hoc|x64.Deploy.0 = Release|x64
		{3765A746-BCCE-4301-80B0-7FBF919B8E57}.Ad-Hoc|x86.ActiveCfg = Release|x86
		{3765A746-BCCE-4301-80B0-7FBF919B8E57}.Ad-Hoc|x86.Build.0 = Release|x86
		{3765A746-BCCE-4301-80B0-7FBF919B8E57}.Ad-Hoc|x86.Deploy.0 = Release|x86
		{3765A746-BCCE-4301-80B0-7FBF919B8E57}.AppStore|Any CPU.ActiveCfg = Release|x86
		{3765A746-BCCE-4301-80B0-7FBF919B8E57}.AppStore|Any CPU.Build.0 = Release|x86
		{3765A746-BCCE-4301-80B0-7FBF919B8E57}.AppStore|Any CPU.Deploy.0 = Release|x86
		{3765A746-BCCE-4301-80B0-7FBF919B8E57}.AppStore|ARM.ActiveCfg = Release|ARM
		{3765A746-BCCE-4301-80B0-7FBF919B8E57}.AppStore|ARM.Build.0 = Release|ARM
		{3765A746-BCCE-4301-80B0-7FBF919B8E57}.AppStore|ARM.Deploy.0 = Release|ARM
		{3765A746-BCCE-4301-80B0-7FBF919B8E57}.AppStore|iPhone.ActiveCfg = Release|x86
		{3765A746-BCCE-4301-80B0-7FBF919B8E57}.AppStore|iPhone.Build.0 = Release|x86
		{3765A746-BCCE-4301-80B0-7FBF919B8E57}.AppStore|iPhone.Deploy.0 = Release|x86
		{3765A746-BCCE-4301-80B0-7FBF919B8E57}.AppStore|iPhoneSimulator.ActiveCfg = Release|x86
		{3765A746-BCCE-4301-80B0-7FBF919B8E57}.AppStore|iPhoneSimulator.Build.0 = Release|x86
		{3765A746-BCCE-4301-80B0-7FBF919B8E57}.AppStore|iPhoneSimulator.Deploy.0 = Release|x86
		{3765A746-BCCE-4301-80B0-7FBF919B8E57}.AppStore|x64.ActiveCfg = Release|x64
		{3765A746-BCCE-4301-80B0-7FBF919B8E57}.AppStore|x64.Build.0 = Release|x64
		{3765A746-BCCE-4301-80B0-7FBF919B8E57}.AppStore|x64.Deploy.0 = Release|x64
		{3765A746-BCCE-4301-80B0-7FBF919B8E57}.AppStore|x86.ActiveCfg = Release|x86
		{3765A746-BCCE-4301-80B0-7FBF919B8E57}.AppStore|x86.Build.0 = Release|x86
		{3765A746-BCCE-4301-80B0-7FBF919B8E57}.AppStore|x86.Deploy.0 = Release|x86
		{3765A746-BCCE-4301-80B0-7FBF919B8E57}.Debug|Any CPU.ActiveCfg = Debug|x86
		{3765A746-BCCE-4301-80B0-7FBF919B8E57}.Debug|Any CPU.Build.0 = Debug|x86
		{3765A746-BCCE-4301-80B0-7FBF919B8E57}.Debug|Any CPU.Deploy.0 = Debug|x86
		{3765A746-BCCE-4301-80B0-7FBF919B8E57}.Debug|ARM.ActiveCfg = Debug|ARM
		{3765A746-BCCE-4301-80B0-7FBF919B8E57}.Debug|ARM.Build.0 = Debug|ARM
		{3765A746-BCCE-4301-80B0-7FBF919B8E57}.Debug|ARM.Deploy.0 = Debug|ARM
		{3765A746-BCCE-4301-80B0-7FBF919B8E57}.Debug|iPhone.ActiveCfg = Debug|x86
		{3765A746-BCCE-4301-80B0-7FBF919B8E57}.Debug|iPhone.Build.0 = Debug|x86
		{3765A746-BCCE-4301-80B0-7FBF919B8E57}.Debug|iPhoneSimulator.ActiveCfg = Debug|x86
		{3765A746-BCCE-4301-80B0-7FBF919B8E57}.Debug|iPhoneSimulator.Build.0 = Debug|x86
		{3765A746-BCCE-4301-80B0-7FBF919B8E57}.Debug|x64.ActiveCfg = Debug|x64
		{3765A746-BCCE-4301-80B0-7FBF919B8E57}.Debug|x64.Build.0 = Debug|x64
		{3765A746-BCCE-4301-80B0-7FBF919B8E57}.Debug|x64.Deploy.0 = Debug|x64
		{3765A746-BCCE-4301-80B0-7FBF919B8E57}.Debug|x86.ActiveCfg = Debug|x86
		{3765A746-BCCE-4301-80B0-7FBF919B8E57}.Debug|x86.Build.0 = Debug|x86
		{3765A746-BCCE-4301-80B0-7FBF919B8E57}.Debug|x86.Deploy.0 = Debug|x86
		{3765A746-BCCE-4301-80B0-7FBF919B8E57}.Release|Any CPU.ActiveCfg = Release|x86
		{3765A746-BCCE-4301-80B0-7FBF919B8E57}.Release|ARM.ActiveCfg = Release|ARM
		{3765A746-BCCE-4301-80B0-7FBF919B8E57}.Release|ARM.Build.0 = Release|ARM
		{3765A746-BCCE-4301-80B0-7FBF919B8E57}.Release|ARM.Deploy.0 = Release|ARM
		{3765A746-BCCE-4301-80B0-7FBF919B8E57}.Release|iPhone.ActiveCfg = Release|x86
		{3765A746-BCCE-4301-80B0-7FBF919B8E57}.Release|iPhoneSimulator.ActiveCfg = Release|x86
		{3765A746-BCCE-4301-80B0-7FBF919B8E57}.Release|x64.ActiveCfg = Release|x64
		{3765A746-BCCE-4301-80B0-7FBF919B8E57}.Release|x64.Build.0 = Release|x64
		{3765A746-BCCE-4301-80B0-7FBF919B8E57}.Release|x64.Deploy.0 = Release|x64
		{3765A746-BCCE-4301-80B0-7FBF919B8E57}.Release|x86.ActiveCfg = Release|x86
		{3765A746-BCCE-4301-80B0-7FBF919B8E57}.Release|x86.Build.0 = Release|x86
		{3765A746-BCCE-4301-80B0-7FBF919B8E57}.Release|x86.Deploy.0 = Release|x86
	EndGlobalSection
	GlobalSection(SolutionProperties) = preSolution
		HideSolutionNode = FALSE
	EndGlobalSection
	GlobalSection(ExtensibilityGlobals) = postSolution
		SolutionGuid = {CABA863C-E99A-4CA9-9AAE-0E9562E6B275}
	EndGlobalSection
EndGlobal
